
Microsoft Visual Studio Solution File, Format Version 12.00
# Visual Studio Version 17
VisualStudioVersion = 17.9.34714.143
MinimumVisualStudioVersion = 10.0.40219.1
Project("{9A19103F-16F7-4668-BE54-9A1E7A4F7556}") = "WebAPI", "WebAPI\WebAPI.csproj", "{D1DBB8E0-0892-487C-B7AA-E7E02CB6DB72}"
EndProject
Project("{9A19103F-16F7-4668-BE54-9A1E7A4F7556}") = "Application", "Application\Application.csproj", "{8C67D2F9-DB20-4192-BE33-9E31A37B085E}"
EndProject
Project("{9A19103F-16F7-4668-BE54-9A1E7A4F7556}") = "Infrastructure", "Infrastructure\Infrastructure.csproj", "{D1E69334-1E89-4AFA-BD52-88DADB79AD25}"
EndProject
Project("{9A19103F-16F7-4668-BE54-9A1E7A4F7556}") = "Domain", "Domain\Domain.csproj", "{6F7F7B56-3344-4EAA-9E05-97988C6998DB}"
EndProject
Project("{E53339B2-1760-4266-BCC7-CA923CBCF16C}") = "docker-compose", "docker-compose.dcproj", "{D89EA0D9-3B58-4435-96EA-A3FF73239708}"
EndProject
Project("{FAE04EC0-301F-11D3-BF4B-00C04F79EFBC}") = "WorkerService", "..\WorkerService\WorkerService.csproj", "{95281C11-D526-4B9D-AA5E-D6306AD88DAD}"
EndProject
Global
	GlobalSection(SolutionConfigurationPlatforms) = preSolution
		Debug|Any CPU = Debug|Any CPU
		Release|Any CPU = Release|Any CPU
	EndGlobalSection
	GlobalSection(ProjectConfigurationPlatforms) = postSolution
		{D1DBB8E0-0892-487C-B7AA-E7E02CB6DB72}.Debug|Any CPU.ActiveCfg = Debug|Any CPU
		{D1DBB8E0-0892-487C-B7AA-E7E02CB6DB72}.Debug|Any CPU.Build.0 = Debug|Any CPU
		{D1DBB8E0-0892-487C-B7AA-E7E02CB6DB72}.Release|Any CPU.ActiveCfg = Release|Any CPU
		{D1DBB8E0-0892-487C-B7AA-E7E02CB6DB72}.Release|Any CPU.Build.0 = Release|Any CPU
		{8C67D2F9-DB20-4192-BE33-9E31A37B085E}.Debug|Any CPU.ActiveCfg = Debug|Any CPU
		{8C67D2F9-DB20-4192-BE33-9E31A37B085E}.Debug|Any CPU.Build.0 = Debug|Any CPU
		{8C67D2F9-DB20-4192-BE33-9E31A37B085E}.Release|Any CPU.ActiveCfg = Release|Any CPU
		{8C67D2F9-DB20-4192-BE33-9E31A37B085E}.Release|Any CPU.Build.0 = Release|Any CPU
		{D1E69334-1E89-4AFA-BD52-88DADB79AD25}.Debug|Any CPU.ActiveCfg = Debug|Any CPU
		{D1E69334-1E89-4AFA-BD52-88DADB79AD25}.Debug|Any CPU.Build.0 = Debug|Any CPU
		{D1E69334-1E89-4AFA-BD52-88DADB79AD25}.Release|Any CPU.ActiveCfg = Release|Any CPU
		{D1E69334-1E89-4AFA-BD52-88DADB79AD25}.Release|Any CPU.Build.0 = Release|Any CPU
		{6F7F7B56-3344-4EAA-9E05-97988C6998DB}.Debug|Any CPU.ActiveCfg = Debug|Any CPU
		{6F7F7B56-3344-4EAA-9E05-97988C6998DB}.Debug|Any CPU.Build.0 = Debug|Any CPU
		{6F7F7B56-3344-4EAA-9E05-97988C6998DB}.Release|Any CPU.ActiveCfg = Release|Any CPU
		{6F7F7B56-3344-4EAA-9E05-97988C6998DB}.Release|Any CPU.Build.0 = Release|Any CPU
		{D89EA0D9-3B58-4435-96EA-A3FF73239708}.Debug|Any CPU.ActiveCfg = Debug|Any CPU
		{D89EA0D9-3B58-4435-96EA-A3FF73239708}.Debug|Any CPU.Build.0 = Debug|Any CPU
		{D89EA0D9-3B58-4435-96EA-A3FF73239708}.Release|Any CPU.ActiveCfg = Release|Any CPU
		{D89EA0D9-3B58-4435-96EA-A3FF73239708}.Release|Any CPU.Build.0 = Release|Any CPU
		{95281C11-D526-4B9D-AA5E-D6306AD88DAD}.Debug|Any CPU.ActiveCfg = Debug|Any CPU
		{95281C11-D526-4B9D-AA5E-D6306AD88DAD}.Debug|Any CPU.Build.0 = Debug|Any CPU
		{95281C11-D526-4B9D-AA5E-D6306AD88DAD}.Release|Any CPU.ActiveCfg = Release|Any CPU
		{95281C11-D526-4B9D-AA5E-D6306AD88DAD}.Release|Any CPU.Build.0 = Release|Any CPU
	EndGlobalSection
	GlobalSection(SolutionProperties) = preSolution
		HideSolutionNode = FALSE
	EndGlobalSection
	GlobalSection(ExtensibilityGlobals) = postSolution
		SolutionGuid = {266E44AC-B820-433D-86C7-B319BD2E4ECB}
	EndGlobalSection
EndGlobal
